
Microsoft Visual Studio Solution File, Format Version 12.00
# Visual Studio Version 16
VisualStudioVersion = 16.0.29911.84
MinimumVisualStudioVersion = 10.0.40219.1
Project("{FAE04EC0-301F-11D3-BF4B-00C04F79EFBC}") = "StopService", "StopService\StopService.csproj", "{6C9D5F1D-2D9C-4B2F-A366-DF7AE38FC532}"
EndProject
Global
	GlobalSection(SolutionConfigurationPlatforms) = preSolution
		Debug|Any CPU = Debug|Any CPU
		Release|Any CPU = Release|Any CPU
	EndGlobalSection
	GlobalSection(ProjectConfigurationPlatforms) = postSolution
		{6C9D5F1D-2D9C-4B2F-A366-DF7AE38FC532}.Debug|Any CPU.ActiveCfg = Debug|Any CPU
		{6C9D5F1D-2D9C-4B2F-A366-DF7AE38FC532}.Debug|Any CPU.Build.0 = Debug|Any CPU
		{6C9D5F1D-2D9C-4B2F-A366-DF7AE38FC532}.Release|Any CPU.ActiveCfg = Release|Any CPU
		{6C9D5F1D-2D9C-4B2F-A366-DF7AE38FC532}.Release|Any CPU.Build.0 = Release|Any CPU
	EndGlobalSection
	GlobalSection(SolutionProperties) = preSolution
		HideSolutionNode = FALSE
	EndGlobalSection
	GlobalSection(ExtensibilityGlobals) = postSolution
		SolutionGuid = {DEF5F05A-CF2A-4B13-8D6A-37A39BC940BF}
	EndGlobalSection
EndGlobal
